// !$*UTF8*$!
{
	archiveVersion = 1;
	classes = {
	};
	objectVersion = 50;
	objects = {

/* Begin PBXBuildFile section */
		E877A32B2278BFB40035B0C4 /* AppDelegate.swift in Sources */ = {isa = PBXBuildFile; fileRef = E877A32A2278BFB40035B0C4 /* AppDelegate.swift */; };
		E877A3302278BFB40035B0C4 /* Main.storyboard in Resources */ = {isa = PBXBuildFile; fileRef = E877A32E2278BFB40035B0C4 /* Main.storyboard */; };
		E877A3322278BFB50035B0C4 /* Assets.xcassets in Resources */ = {isa = PBXBuildFile; fileRef = E877A3312278BFB50035B0C4 /* Assets.xcassets */; };
		E8B5EE3B227AC5D400A7D9A8 /* Home.storyboard in Resources */ = {isa = PBXBuildFile; fileRef = E8B5EE39227AC5D400A7D9A8 /* Home.storyboard */; };
		E8B5EE3E227AC62100A7D9A8 /* Live.storyboard in Resources */ = {isa = PBXBuildFile; fileRef = E8B5EE3C227AC62100A7D9A8 /* Live.storyboard */; };
		E8B5EE40227AC63C00A7D9A8 /* Follow.storyboard in Resources */ = {isa = PBXBuildFile; fileRef = E8B5EE3F227AC63C00A7D9A8 /* Follow.storyboard */; };
		E8B5EE43227AC65F00A7D9A8 /* Profile.storyboard in Resources */ = {isa = PBXBuildFile; fileRef = E8B5EE41227AC65F00A7D9A8 /* Profile.storyboard */; };
		E8B5EE45227AC74B00A7D9A8 /* MainViewController.swift in Sources */ = {isa = PBXBuildFile; fileRef = E8B5EE44227AC74B00A7D9A8 /* MainViewController.swift */; };
/* End PBXBuildFile section */

/* Begin PBXFileReference section */
		E877A3272278BFB40035B0C4 /* DYZB.app */ = {isa = PBXFileReference; explicitFileType = wrapper.application; includeInIndex = 0; path = DYZB.app; sourceTree = BUILT_PRODUCTS_DIR; };
		E877A32A2278BFB40035B0C4 /* AppDelegate.swift */ = {isa = PBXFileReference; lastKnownFileType = sourcecode.swift; path = AppDelegate.swift; sourceTree = "<group>"; };
		E877A32F2278BFB40035B0C4 /* Base */ = {isa = PBXFileReference; lastKnownFileType = file.storyboard; name = Base; path = Base.lproj/Main.storyboard; sourceTree = "<group>"; };
		E877A3312278BFB50035B0C4 /* Assets.xcassets */ = {isa = PBXFileReference; lastKnownFileType = folder.assetcatalog; path = Assets.xcassets; sourceTree = "<group>"; };
		E877A3362278BFB50035B0C4 /* Info.plist */ = {isa = PBXFileReference; lastKnownFileType = text.plist.xml; path = Info.plist; sourceTree = "<group>"; };
		E8B5EE3A227AC5D400A7D9A8 /* Base */ = {isa = PBXFileReference; lastKnownFileType = file.storyboard; name = Base; path = DYZB/Classes/Main/Base.lproj/Home.storyboard; sourceTree = "<group>"; };
		E8B5EE3D227AC62100A7D9A8 /* Base */ = {isa = PBXFileReference; lastKnownFileType = file.storyboard; name = Base; path = DYZB/Classes/Main/Base.lproj/Live.storyboard; sourceTree = "<group>"; };
		E8B5EE3F227AC63C00A7D9A8 /* Follow.storyboard */ = {isa = PBXFileReference; fileEncoding = 4; lastKnownFileType = file.storyboard; path = Follow.storyboard; sourceTree = "<group>"; };
		E8B5EE42227AC65F00A7D9A8 /* Base */ = {isa = PBXFileReference; lastKnownFileType = file.storyboard; name = Base; path = DYZB/Classes/Main/Base.lproj/Profile.storyboard; sourceTree = "<group>"; };
		E8B5EE44227AC74B00A7D9A8 /* MainViewController.swift */ = {isa = PBXFileReference; lastKnownFileType = sourcecode.swift; path = MainViewController.swift; sourceTree = "<group>"; };
/* End PBXFileReference section */

/* Begin PBXFrameworksBuildPhase section */
		E877A3242278BFB40035B0C4 /* Frameworks */ = {
			isa = PBXFrameworksBuildPhase;
			buildActionMask = 2147483647;
			files = (
			);
			runOnlyForDeploymentPostprocessing = 0;
		};
/* End PBXFrameworksBuildPhase section */

/* Begin PBXGroup section */
		E877A31E2278BFB40035B0C4 = {
			isa = PBXGroup;
			children = (
				E877A3292278BFB40035B0C4 /* DYZB */,
				E877A3282278BFB40035B0C4 /* Products */,
			);
			sourceTree = "<group>";
		};
		E877A3282278BFB40035B0C4 /* Products */ = {
			isa = PBXGroup;
			children = (
				E877A3272278BFB40035B0C4 /* DYZB.app */,
			);
			name = Products;
			sourceTree = "<group>";
		};
		E877A3292278BFB40035B0C4 /* DYZB */ = {
			isa = PBXGroup;
			children = (
				E87FE6D6227ABF1000C5F0EA /* Classes */,
				E877A32A2278BFB40035B0C4 /* AppDelegate.swift */,
				E877A3312278BFB50035B0C4 /* Assets.xcassets */,
				E877A3362278BFB50035B0C4 /* Info.plist */,
			);
			path = DYZB;
			sourceTree = "<group>";
		};
		E87FE6D6227ABF1000C5F0EA /* Classes */ = {
			isa = PBXGroup;
			children = (
				E87FE6DC227ABF1100C5F0EA /* Main */,
				E87FE6D7227ABF1000C5F0EA /* Home */,
				E87FE6DB227ABF1000C5F0EA /* Live */,
				E87FE6D9227ABF1000C5F0EA /* Follow */,
				E87FE6DA227ABF1000C5F0EA /* Profile */,
				E87FE6D8227ABF1000C5F0EA /* Tools */,
			);
			path = Classes;
			sourceTree = "<group>";
		};
		E87FE6D7227ABF1000C5F0EA /* Home */ = {
			isa = PBXGroup;
			children = (
				E8B5EE39227AC5D400A7D9A8 /* Home.storyboard */,
			);
			path = Home;
			sourceTree = "<group>";
		};
		E87FE6D8227ABF1000C5F0EA /* Tools */ = {
			isa = PBXGroup;
			children = (
			);
			path = Tools;
			sourceTree = "<group>";
		};
		E87FE6D9227ABF1000C5F0EA /* Follow */ = {
			isa = PBXGroup;
			children = (
				E8B5EE3F227AC63C00A7D9A8 /* Follow.storyboard */,
			);
			path = Follow;
			sourceTree = "<group>";
		};
		E87FE6DA227ABF1000C5F0EA /* Profile */ = {
			isa = PBXGroup;
			children = (
				E8B5EE41227AC65F00A7D9A8 /* Profile.storyboard */,
			);
			path = Profile;
			sourceTree = "<group>";
		};
		E87FE6DB227ABF1000C5F0EA /* Live */ = {
			isa = PBXGroup;
			children = (
				E8B5EE3C227AC62100A7D9A8 /* Live.storyboard */,
			);
			path = Live;
			sourceTree = "<group>";
		};
		E87FE6DC227ABF1100C5F0EA /* Main */ = {
			isa = PBXGroup;
			children = (
				E877A32E2278BFB40035B0C4 /* Main.storyboard */,
				E8B5EE44227AC74B00A7D9A8 /* MainViewController.swift */,
			);
			path = Main;
			sourceTree = "<group>";
		};
/* End PBXGroup section */

/* Begin PBXNativeTarget section */
		E877A3262278BFB40035B0C4 /* DYZB */ = {
			isa = PBXNativeTarget;
			buildConfigurationList = E877A3392278BFB50035B0C4 /* Build configuration list for PBXNativeTarget "DYZB" */;
			buildPhases = (
				E877A3232278BFB40035B0C4 /* Sources */,
				E877A3242278BFB40035B0C4 /* Frameworks */,
				E877A3252278BFB40035B0C4 /* Resources */,
			);
			buildRules = (
			);
			dependencies = (
			);
			name = DYZB;
			productName = DYZB;
			productReference = E877A3272278BFB40035B0C4 /* DYZB.app */;
			productType = "com.apple.product-type.application";
		};
/* End PBXNativeTarget section */

/* Begin PBXProject section */
		E877A31F2278BFB40035B0C4 /* Project object */ = {
			isa = PBXProject;
			attributes = {
				LastSwiftUpdateCheck = 1020;
				LastUpgradeCheck = 1020;
				ORGANIZATIONNAME = cyyeh;
				TargetAttributes = {
					E877A3262278BFB40035B0C4 = {
						CreatedOnToolsVersion = 10.2;
					};
				};
			};
			buildConfigurationList = E877A3222278BFB40035B0C4 /* Build configuration list for PBXProject "DYZB" */;
			compatibilityVersion = "Xcode 9.3";
			developmentRegion = en;
			hasScannedForEncodings = 0;
			knownRegions = (
				en,
				Base,
			);
			mainGroup = E877A31E2278BFB40035B0C4;
			productRefGroup = E877A3282278BFB40035B0C4 /* Products */;
			projectDirPath = "";
			projectRoot = "";
			targets = (
				E877A3262278BFB40035B0C4 /* DYZB */,
			);
		};
/* End PBXProject section */

/* Begin PBXResourcesBuildPhase section */
		E877A3252278BFB40035B0C4 /* Resources */ = {
			isa = PBXResourcesBuildPhase;
			buildActionMask = 2147483647;
			files = (
				E8B5EE43227AC65F00A7D9A8 /* Profile.storyboard in Resources */,
				E8B5EE40227AC63C00A7D9A8 /* Follow.storyboard in Resources */,
				E8B5EE3B227AC5D400A7D9A8 /* Home.storyboard in Resources */,
				E877A3322278BFB50035B0C4 /* Assets.xcassets in Resources */,
				E8B5EE3E227AC62100A7D9A8 /* Live.storyboard in Resources */,
				E877A3302278BFB40035B0C4 /* Main.storyboard in Resources */,
			);
			runOnlyForDeploymentPostprocessing = 0;
		};
/* End PBXResourcesBuildPhase section */

/* Begin PBXSourcesBuildPhase section */
		E877A3232278BFB40035B0C4 /* Sources */ = {
			isa = PBXSourcesBuildPhase;
			buildActionMask = 2147483647;
			files = (
				E877A32B2278BFB40035B0C4 /* AppDelegate.swift in Sources */,
				E8B5EE45227AC74B00A7D9A8 /* MainViewController.swift in Sources */,
			);
			runOnlyForDeploymentPostprocessing = 0;
		};
/* End PBXSourcesBuildPhase section */

/* Begin PBXVariantGroup section */
		E877A32E2278BFB40035B0C4 /* Main.storyboard */ = {
			isa = PBXVariantGroup;
			children = (
				E877A32F2278BFB40035B0C4 /* Base */,
			);
			name = Main.storyboard;
			sourceTree = "<group>";
		};
		E8B5EE39227AC5D400A7D9A8 /* Home.storyboard */ = {
			isa = PBXVariantGroup;
			children = (
				E8B5EE3A227AC5D400A7D9A8 /* Base */,
			);
			name = Home.storyboard;
			sourceTree = "<group>";
		};
		E8B5EE3C227AC62100A7D9A8 /* Live.storyboard */ = {
			isa = PBXVariantGroup;
			children = (
				E8B5EE3D227AC62100A7D9A8 /* Base */,
			);
			name = Live.storyboard;
			sourceTree = "<group>";
		};
		E8B5EE41227AC65F00A7D9A8 /* Profile.storyboard */ = {
			isa = PBXVariantGroup;
			children = (
				E8B5EE42227AC65F00A7D9A8 /* Base */,
			);
			name = Profile.storyboard;
			sourceTree = "<group>";
		};
/* End PBXVariantGroup section */

/* Begin XCBuildConfiguration section */
		E877A3372278BFB50035B0C4 /* Debug */ = {
			isa = XCBuildConfiguration;
			buildSettings = {
				ALWAYS_SEARCH_USER_PATHS = NO;
				CLANG_ANALYZER_NONNULL = YES;
				CLANG_ANALYZER_NUMBER_OBJECT_CONVERSION = YES_AGGRESSIVE;
				CLANG_CXX_LANGUAGE_STANDARD = "gnu++14";
				CLANG_CXX_LIBRARY = "libc++";
				CLANG_ENABLE_MODULES = YES;
				CLANG_ENABLE_OBJC_ARC = YES;
				CLANG_ENABLE_OBJC_WEAK = YES;
				CLANG_WARN_BLOCK_CAPTURE_AUTORELEASING = YES;
				CLANG_WARN_BOOL_CONVERSION = YES;
				CLANG_WARN_COMMA = YES;
				CLANG_WARN_CONSTANT_CONVERSION = YES;
				CLANG_WARN_DEPRECATED_OBJC_IMPLEMENTATIONS = YES;
				CLANG_WARN_DIRECT_OBJC_ISA_USAGE = YES_ERROR;
				CLANG_WARN_DOCUMENTATION_COMMENTS = YES;
				CLANG_WARN_EMPTY_BODY = YES;
				CLANG_WARN_ENUM_CONVERSION = YES;
				CLANG_WARN_INFINITE_RECURSION = YES;
				CLANG_WARN_INT_CONVERSION = YES;
				CLANG_WARN_NON_LITERAL_NULL_CONVERSION = YES;
				CLANG_WARN_OBJC_IMPLICIT_RETAIN_SELF = YES;
				CLANG_WARN_OBJC_LITERAL_CONVERSION = YES;
				CLANG_WARN_OBJC_ROOT_CLASS = YES_ERROR;
				CLANG_WARN_RANGE_LOOP_ANALYSIS = YES;
				CLANG_WARN_STRICT_PROTOTYPES = YES;
				CLANG_WARN_SUSPICIOUS_MOVE = YES;
				CLANG_WARN_UNGUARDED_AVAILABILITY = YES_AGGRESSIVE;
				CLANG_WARN_UNREACHABLE_CODE = YES;
				CLANG_WARN__DUPLICATE_METHOD_MATCH = YES;
				CODE_SIGN_IDENTITY = "iPhone Developer";
				COPY_PHASE_STRIP = NO;
				DEBUG_INFORMATION_FORMAT = dwarf;
				ENABLE_STRICT_OBJC_MSGSEND = YES;
				ENABLE_TESTABILITY = YES;
				GCC_C_LANGUAGE_STANDARD = gnu11;
				GCC_DYNAMIC_NO_PIC = NO;
				GCC_NO_COMMON_BLOCKS = YES;
				GCC_OPTIMIZATION_LEVEL = 0;
				GCC_PREPROCESSOR_DEFINITIONS = (
					"DEBUG=1",
					"$(inherited)",
				);
				GCC_WARN_64_TO_32_BIT_CONVERSION = YES;
				GCC_WARN_ABOUT_RETURN_TYPE = YES_ERROR;
				GCC_WARN_UNDECLARED_SELECTOR = YES;
				GCC_WARN_UNINITIALIZED_AUTOS = YES_AGGRESSIVE;
				GCC_WARN_UNUSED_FUNCTION = YES;
				GCC_WARN_UNUSED_VARIABLE = YES;
				IPHONEOS_DEPLOYMENT_TARGET = 12.2;
				MTL_ENABLE_DEBUG_INFO = INCLUDE_SOURCE;
				MTL_FAST_MATH = YES;
				ONLY_ACTIVE_ARCH = YES;
				SDKROOT = iphoneos;
				SWIFT_ACTIVE_COMPILATION_CONDITIONS = DEBUG;
				SWIFT_OPTIMIZATION_LEVEL = "-Onone";
			};
			name = Debug;
		};
		E877A3382278BFB50035B0C4 /* Release */ = {
			isa = XCBuildConfiguration;
			buildSettings = {
				ALWAYS_SEARCH_USER_PATHS = NO;
				CLANG_ANALYZER_NONNULL = YES;
				CLANG_ANALYZER_NUMBER_OBJECT_CONVERSION = YES_AGGRESSIVE;
				CLANG_CXX_LANGUAGE_STANDARD = "gnu++14";
				CLANG_CXX_LIBRARY = "libc++";
				CLANG_ENABLE_MODULES = YES;
				CLANG_ENABLE_OBJC_ARC = YES;
				CLANG_ENABLE_OBJC_WEAK = YES;
				CLANG_WARN_BLOCK_CAPTURE_AUTORELEASING = YES;
				CLANG_WARN_BOOL_CONVERSION = YES;
				CLANG_WARN_COMMA = YES;
				CLANG_WARN_CONSTANT_CONVERSION = YES;
				CLANG_WARN_DEPRECATED_OBJC_IMPLEMENTATIONS = YES;
				CLANG_WARN_DIRECT_OBJC_ISA_USAGE = YES_ERROR;
				CLANG_WARN_DOCUMENTATION_COMMENTS = YES;
				CLANG_WARN_EMPTY_BODY = YES;
				CLANG_WARN_ENUM_CONVERSION = YES;
				CLANG_WARN_INFINITE_RECURSION = YES;
				CLANG_WARN_INT_CONVERSION = YES;
				CLANG_WARN_NON_LITERAL_NULL_CONVERSION = YES;
				CLANG_WARN_OBJC_IMPLICIT_RETAIN_SELF = YES;
				CLANG_WARN_OBJC_LITERAL_CONVERSION = YES;
				CLANG_WARN_OBJC_ROOT_CLASS = YES_ERROR;
				CLANG_WARN_RANGE_LOOP_ANALYSIS = YES;
				CLANG_WARN_STRICT_PROTOTYPES = YES;
				CLANG_WARN_SUSPICIOUS_MOVE = YES;
				CLANG_WARN_UNGUARDED_AVAILABILITY = YES_AGGRESSIVE;
				CLANG_WARN_UNREACHABLE_CODE = YES;
				CLANG_WARN__DUPLICATE_METHOD_MATCH = YES;
				CODE_SIGN_IDENTITY = "iPhone Developer";
				COPY_PHASE_STRIP = NO;
				DEBUG_INFORMATION_FORMAT = "dwarf-with-dsym";
				ENABLE_NS_ASSERTIONS = NO;
				ENABLE_STRICT_OBJC_MSGSEND = YES;
				GCC_C_LANGUAGE_STANDARD = gnu11;
				GCC_NO_COMMON_BLOCKS = YES;
				GCC_WARN_64_TO_32_BIT_CONVERSION = YES;
				GCC_WARN_ABOUT_RETURN_TYPE = YES_ERROR;
				GCC_WARN_UNDECLARED_SELECTOR = YES;
				GCC_WARN_UNINITIALIZED_AUTOS = YES_AGGRESSIVE;
				GCC_WARN_UNUSED_FUNCTION = YES;
				GCC_WARN_UNUSED_VARIABLE = YES;
				IPHONEOS_DEPLOYMENT_TARGET = 12.2;
				MTL_ENABLE_DEBUG_INFO = NO;
				MTL_FAST_MATH = YES;
				SDKROOT = iphoneos;
				SWIFT_COMPILATION_MODE = wholemodule;
				SWIFT_OPTIMIZATION_LEVEL = "-O";
				VALIDATE_PRODUCT = YES;
			};
			name = Release;
		};
		E877A33A2278BFB50035B0C4 /* Debug */ = {
			isa = XCBuildConfiguration;
			buildSettings = {
				ASSETCATALOG_COMPILER_APPICON_NAME = AppIcon;
				ASSETCATALOG_COMPILER_LAUNCHIMAGE_NAME = LaunchImage;
				CODE_SIGN_STYLE = Automatic;
				DEVELOPMENT_TEAM = G57YGUZ2GT;
				INFOPLIST_FILE = DYZB/Info.plist;
				IPHONEOS_DEPLOYMENT_TARGET = 8.0;
				LD_RUNPATH_SEARCH_PATHS = (
					"$(inherited)",
					"@executable_path/Frameworks",
				);
				PRODUCT_BUNDLE_IDENTIFIER = com.cyyeh.DYZB;
				PRODUCT_NAME = "$(TARGET_NAME)";
				SWIFT_VERSION = 5.0;
				TARGETED_DEVICE_FAMILY = 1;
			};
			name = Debug;
		};
		E877A33B2278BFB50035B0C4 /* Release */ = {
			isa = XCBuildConfiguration;
			buildSettings = {
				ASSETCATALOG_COMPILER_APPICON_NAME = AppIcon;
				ASSETCATALOG_COMPILER_LAUNCHIMAGE_NAME = LaunchImage;
				CODE_SIGN_STYLE = Automatic;
				DEVELOPMENT_TEAM = G57YGUZ2GT;
				INFOPLIST_FILE = DYZB/Info.plist;
				IPHONEOS_DEPLOYMENT_TARGET = 8.0;
				LD_RUNPATH_SEARCH_PATHS = (
					"$(inherited)",
					"@executable_path/Frameworks",
				);
				PRODUCT_BUNDLE_IDENTIFIER = com.cyyeh.DYZB;
				PRODUCT_NAME = "$(TARGET_NAME)";
				SWIFT_VERSION = 5.0;
				TARGETED_DEVICE_FAMILY = 1;
			};
			name = Release;
		};
/* End XCBuildConfiguration section */

/* Begin XCConfigurationList section */
		E877A3222278BFB40035B0C4 /* Build configuration list for PBXProject "DYZB" */ = {
			isa = XCConfigurationList;
			buildConfigurations = (
				E877A3372278BFB50035B0C4 /* Debug */,
				E877A3382278BFB50035B0C4 /* Release */,
			);
			defaultConfigurationIsVisible = 0;
			defaultConfigurationName = Release;
		};
		E877A3392278BFB50035B0C4 /* Build configuration list for PBXNativeTarget "DYZB" */ = {
			isa = XCConfigurationList;
			buildConfigurations = (
				E877A33A2278BFB50035B0C4 /* Debug */,
				E877A33B2278BFB50035B0C4 /* Release */,
			);
			defaultConfigurationIsVisible = 0;
			defaultConfigurationName = Release;
		};
/* End XCConfigurationList section */
	};
	rootObject = E877A31F2278BFB40035B0C4 /* Project object */;
}
